
Microsoft Visual Studio Solution File, Format Version 12.00
# Visual Studio Version 16
VisualStudioVersion = 16.0.30611.23
MinimumVisualStudioVersion = 10.0.40219.1
Project("{FAE04EC0-301F-11D3-BF4B-00C04F79EFBC}") = "GradesPrototype", "GradesPrototype\GradesPrototype.csproj", "{8E5FC82F-F511-4FA3-9733-5AC0A4113CEE}"
EndProject
Project("{FAE04EC0-301F-11D3-BF4B-00C04F79EFBC}") = "GradesModel", "GradesPrototype\GradesModel\GradesModel.csproj", "{B1C58BD0-D9F1-41E5-BF47-CF3E32A24FE7}"
EndProject
Global
	GlobalSection(SolutionConfigurationPlatforms) = preSolution
		Debug|Any CPU = Debug|Any CPU
		Release|Any CPU = Release|Any CPU
	EndGlobalSection
	GlobalSection(ProjectConfigurationPlatforms) = postSolution
		{8E5FC82F-F511-4FA3-9733-5AC0A4113CEE}.Debug|Any CPU.ActiveCfg = Debug|Any CPU
		{8E5FC82F-F511-4FA3-9733-5AC0A4113CEE}.Debug|Any CPU.Build.0 = Debug|Any CPU
		{8E5FC82F-F511-4FA3-9733-5AC0A4113CEE}.Release|Any CPU.ActiveCfg = Release|Any CPU
		{8E5FC82F-F511-4FA3-9733-5AC0A4113CEE}.Release|Any CPU.Build.0 = Release|Any CPU
		{B1C58BD0-D9F1-41E5-BF47-CF3E32A24FE7}.Debug|Any CPU.ActiveCfg = Debug|Any CPU
		{B1C58BD0-D9F1-41E5-BF47-CF3E32A24FE7}.Debug|Any CPU.Build.0 = Debug|Any CPU
		{B1C58BD0-D9F1-41E5-BF47-CF3E32A24FE7}.Release|Any CPU.ActiveCfg = Release|Any CPU
		{B1C58BD0-D9F1-41E5-BF47-CF3E32A24FE7}.Release|Any CPU.Build.0 = Release|Any CPU
	EndGlobalSection
	GlobalSection(SolutionProperties) = preSolution
		HideSolutionNode = FALSE
	EndGlobalSection
	GlobalSection(ExtensibilityGlobals) = postSolution
		SolutionGuid = {2DE27180-00C6-4652-A172-C187B8F49300}
	EndGlobalSection
EndGlobal
